
Microsoft Visual Studio Solution File, Format Version 12.00
# Visual Studio 15
VisualStudioVersion = 15.0.27130.2010
MinimumVisualStudioVersion = 10.0.40219.1
Project("{FAE04EC0-301F-11D3-BF4B-00C04F79EFBC}") = "UrhoSample.Android", "UrhoSample\UrhoSample.Android\UrhoSample.Android.csproj", "{62DB4EF1-0991-41FC-91DD-338F0C66F9EF}"
EndProject
Project("{FAE04EC0-301F-11D3-BF4B-00C04F79EFBC}") = "UrhoSample.iOS", "UrhoSample\UrhoSample.iOS\UrhoSample.iOS.csproj", "{E5815810-B579-4051-8140-6C7301BF9E97}"
EndProject
Project("{FAE04EC0-301F-11D3-BF4B-00C04F79EFBC}") = "UrhoSample.UWP", "UrhoSample\UrhoSample.UWP\UrhoSample.UWP.csproj", "{71FFECC4-89C5-44DF-A5B6-D42FD4B9FAB9}"
EndProject
Project("{D954291E-2A0B-460D-934E-DC6B0785DB48}") = "UrhoSample", "UrhoSample\UrhoSample\UrhoSample.shproj", "{BAB37585-2E51-4348-B74E-9BBD18039D39}"
EndProject
Global
	GlobalSection(SharedMSBuildProjectFiles) = preSolution
		UrhoSample\UrhoSample\UrhoSample.projitems*{62db4ef1-0991-41fc-91dd-338f0c66f9ef}*SharedItemsImports = 4
		UrhoSample\UrhoSample\UrhoSample.projitems*{71ffecc4-89c5-44df-a5b6-d42fd4b9fab9}*SharedItemsImports = 4
		UrhoSample\UrhoSample\UrhoSample.projitems*{bab37585-2e51-4348-b74e-9bbd18039d39}*SharedItemsImports = 13
		UrhoSample\UrhoSample\UrhoSample.projitems*{e5815810-b579-4051-8140-6c7301bf9e97}*SharedItemsImports = 4
	EndGlobalSection
	GlobalSection(SolutionConfigurationPlatforms) = preSolution
		Ad-Hoc|Any CPU = Ad-Hoc|Any CPU
		Ad-Hoc|ARM = Ad-Hoc|ARM
		Ad-Hoc|iPhone = Ad-Hoc|iPhone
		Ad-Hoc|iPhoneSimulator = Ad-Hoc|iPhoneSimulator
		Ad-Hoc|x64 = Ad-Hoc|x64
		Ad-Hoc|x86 = Ad-Hoc|x86
		AppStore|Any CPU = AppStore|Any CPU
		AppStore|ARM = AppStore|ARM
		AppStore|iPhone = AppStore|iPhone
		AppStore|iPhoneSimulator = AppStore|iPhoneSimulator
		AppStore|x64 = AppStore|x64
		AppStore|x86 = AppStore|x86
		Debug|Any CPU = Debug|Any CPU
		Debug|ARM = Debug|ARM
		Debug|iPhone = Debug|iPhone
		Debug|iPhoneSimulator = Debug|iPhoneSimulator
		Debug|x64 = Debug|x64
		Debug|x86 = Debug|x86
		Release|Any CPU = Release|Any CPU
		Release|ARM = Release|ARM
		Release|iPhone = Release|iPhone
		Release|iPhoneSimulator = Release|iPhoneSimulator
		Release|x64 = Release|x64
		Release|x86 = Release|x86
	EndGlobalSection
	GlobalSection(ProjectConfigurationPlatforms) = postSolution
		{62DB4EF1-0991-41FC-91DD-338F0C66F9EF}.Ad-Hoc|Any CPU.ActiveCfg = Release|Any CPU
		{62DB4EF1-0991-41FC-91DD-338F0C66F9EF}.Ad-Hoc|Any CPU.Build.0 = Release|Any CPU
		{62DB4EF1-0991-41FC-91DD-338F0C66F9EF}.Ad-Hoc|Any CPU.Deploy.0 = Release|Any CPU
		{62DB4EF1-0991-41FC-91DD-338F0C66F9EF}.Ad-Hoc|ARM.ActiveCfg = Release|Any CPU
		{62DB4EF1-0991-41FC-91DD-338F0C66F9EF}.Ad-Hoc|ARM.Build.0 = Release|Any CPU
		{62DB4EF1-0991-41FC-91DD-338F0C66F9EF}.Ad-Hoc|ARM.Deploy.0 = Release|Any CPU
		{62DB4EF1-0991-41FC-91DD-338F0C66F9EF}.Ad-Hoc|iPhone.ActiveCfg = Release|Any CPU
		{62DB4EF1-0991-41FC-91DD-338F0C66F9EF}.Ad-Hoc|iPhone.Build.0 = Release|Any CPU
		{62DB4EF1-0991-41FC-91DD-338F0C66F9EF}.Ad-Hoc|iPhone.Deploy.0 = Release|Any CPU
		{62DB4EF1-0991-41FC-91DD-338F0C66F9EF}.Ad-Hoc|iPhoneSimulator.ActiveCfg = Release|Any CPU
		{62DB4EF1-0991-41FC-91DD-338F0C66F9EF}.Ad-Hoc|iPhoneSimulator.Build.0 = Release|Any CPU
		{62DB4EF1-0991-41FC-91DD-338F0C66F9EF}.Ad-Hoc|iPhoneSimulator.Deploy.0 = Release|Any CPU
		{62DB4EF1-0991-41FC-91DD-338F0C66F9EF}.Ad-Hoc|x64.ActiveCfg = Release|Any CPU
		{62DB4EF1-0991-41FC-91DD-338F0C66F9EF}.Ad-Hoc|x64.Build.0 = Release|Any CPU
		{62DB4EF1-0991-41FC-91DD-338F0C66F9EF}.Ad-Hoc|x64.Deploy.0 = Release|Any CPU
		{62DB4EF1-0991-41FC-91DD-338F0C66F9EF}.Ad-Hoc|x86.ActiveCfg = Release|Any CPU
		{62DB4EF1-0991-41FC-91DD-338F0C66F9EF}.Ad-Hoc|x86.Build.0 = Release|Any CPU
		{62DB4EF1-0991-41FC-91DD-338F0C66F9EF}.Ad-Hoc|x86.Deploy.0 = Release|Any CPU
		{62DB4EF1-0991-41FC-91DD-338F0C66F9EF}.AppStore|Any CPU.ActiveCfg = Release|Any CPU
		{62DB4EF1-0991-41FC-91DD-338F0C66F9EF}.AppStore|Any CPU.Build.0 = Release|Any CPU
		{62DB4EF1-0991-41FC-91DD-338F0C66F9EF}.AppStore|Any CPU.Deploy.0 = Release|Any CPU
		{62DB4EF1-0991-41FC-91DD-338F0C66F9EF}.AppStore|ARM.ActiveCfg = Release|Any CPU
		{62DB4EF1-0991-41FC-91DD-338F0C66F9EF}.AppStore|ARM.Build.0 = Release|Any CPU
		{62DB4EF1-0991-41FC-91DD-338F0C66F9EF}.AppStore|ARM.Deploy.0 = Release|Any CPU
		{62DB4EF1-0991-41FC-91DD-338F0C66F9EF}.AppStore|iPhone.ActiveCfg = Release|Any CPU
		{62DB4EF1-0991-41FC-91DD-338F0C66F9EF}.AppStore|iPhone.Build.0 = Release|Any CPU
		{62DB4EF1-0991-41FC-91DD-338F0C66F9EF}.AppStore|iPhone.Deploy.0 = Release|Any CPU
		{62DB4EF1-0991-41FC-91DD-338F0C66F9EF}.AppStore|iPhoneSimulator.ActiveCfg = Release|Any CPU
		{62DB4EF1-0991-41FC-91DD-338F0C66F9EF}.AppStore|iPhoneSimulator.Build.0 = Release|Any CPU
		{62DB4EF1-0991-41FC-91DD-338F0C66F9EF}.AppStore|iPhoneSimulator.Deploy.0 = Release|Any CPU
		{62DB4EF1-0991-41FC-91DD-338F0C66F9EF}.AppStore|x64.ActiveCfg = Release|Any CPU
		{62DB4EF1-0991-41FC-91DD-338F0C66F9EF}.AppStore|x64.Build.0 = Release|Any CPU
		{62DB4EF1-0991-41FC-91DD-338F0C66F9EF}.AppStore|x64.Deploy.0 = Release|Any CPU
		{62DB4EF1-0991-41FC-91DD-338F0C66F9EF}.AppStore|x86.ActiveCfg = Release|Any CPU
		{62DB4EF1-0991-41FC-91DD-338F0C66F9EF}.AppStore|x86.Build.0 = Release|Any CPU
		{62DB4EF1-0991-41FC-91DD-338F0C66F9EF}.AppStore|x86.Deploy.0 = Release|Any CPU
		{62DB4EF1-0991-41FC-91DD-338F0C66F9EF}.Debug|Any CPU.ActiveCfg = Debug|Any CPU
		{62DB4EF1-0991-41FC-91DD-338F0C66F9EF}.Debug|Any CPU.Build.0 = Debug|Any CPU
		{62DB4EF1-0991-41FC-91DD-338F0C66F9EF}.Debug|Any CPU.Deploy.0 = Debug|Any CPU
		{62DB4EF1-0991-41FC-91DD-338F0C66F9EF}.Debug|ARM.ActiveCfg = Debug|Any CPU
		{62DB4EF1-0991-41FC-91DD-338F0C66F9EF}.Debug|ARM.Build.0 = Debug|Any CPU
		{62DB4EF1-0991-41FC-91DD-338F0C66F9EF}.Debug|ARM.Deploy.0 = Debug|Any CPU
		{62DB4EF1-0991-41FC-91DD-338F0C66F9EF}.Debug|iPhone.ActiveCfg = Debug|Any CPU
		{62DB4EF1-0991-41FC-91DD-338F0C66F9EF}.Debug|iPhone.Build.0 = Debug|Any CPU
		{62DB4EF1-0991-41FC-91DD-338F0C66F9EF}.Debug|iPhone.Deploy.0 = Debug|Any CPU
		{62DB4EF1-0991-41FC-91DD-338F0C66F9EF}.Debug|iPhoneSimulator.ActiveCfg = Debug|Any CPU
		{62DB4EF1-0991-41FC-91DD-338F0C66F9EF}.Debug|iPhoneSimulator.Build.0 = Debug|Any CPU
		{62DB4EF1-0991-41FC-91DD-338F0C66F9EF}.Debug|iPhoneSimulator.Deploy.0 = Debug|Any CPU
		{62DB4EF1-0991-41FC-91DD-338F0C66F9EF}.Debug|x64.ActiveCfg = Debug|Any CPU
		{62DB4EF1-0991-41FC-91DD-338F0C66F9EF}.Debug|x64.Build.0 = Debug|Any CPU
		{62DB4EF1-0991-41FC-91DD-338F0C66F9EF}.Debug|x64.Deploy.0 = Debug|Any CPU
		{62DB4EF1-0991-41FC-91DD-338F0C66F9EF}.Debug|x86.ActiveCfg = Debug|Any CPU
		{62DB4EF1-0991-41FC-91DD-338F0C66F9EF}.Debug|x86.Build.0 = Debug|Any CPU
		{62DB4EF1-0991-41FC-91DD-338F0C66F9EF}.Debug|x86.Deploy.0 = Debug|Any CPU
		{62DB4EF1-0991-41FC-91DD-338F0C66F9EF}.Release|Any CPU.ActiveCfg = Release|Any CPU
		{62DB4EF1-0991-41FC-91DD-338F0C66F9EF}.Release|Any CPU.Build.0 = Release|Any CPU
		{62DB4EF1-0991-41FC-91DD-338F0C66F9EF}.Release|Any CPU.Deploy.0 = Release|Any CPU
		{62DB4EF1-0991-41FC-91DD-338F0C66F9EF}.Release|ARM.ActiveCfg = Release|Any CPU
		{62DB4EF1-0991-41FC-91DD-338F0C66F9EF}.Release|ARM.Build.0 = Release|Any CPU
		{62DB4EF1-0991-41FC-91DD-338F0C66F9EF}.Release|ARM.Deploy.0 = Release|Any CPU
		{62DB4EF1-0991-41FC-91DD-338F0C66F9EF}.Release|iPhone.ActiveCfg = Release|Any CPU
		{62DB4EF1-0991-41FC-91DD-338F0C66F9EF}.Release|iPhone.Build.0 = Release|Any CPU
		{62DB4EF1-0991-41FC-91DD-338F0C66F9EF}.Release|iPhone.Deploy.0 = Release|Any CPU
		{62DB4EF1-0991-41FC-91DD-338F0C66F9EF}.Release|iPhoneSimulator.ActiveCfg = Release|Any CPU
		{62DB4EF1-0991-41FC-91DD-338F0C66F9EF}.Release|iPhoneSimulator.Build.0 = Release|Any CPU
		{62DB4EF1-0991-41FC-91DD-338F0C66F9EF}.Release|iPhoneSimulator.Deploy.0 = Release|Any CPU
		{62DB4EF1-0991-41FC-91DD-338F0C66F9EF}.Release|x64.ActiveCfg = Release|Any CPU
		{62DB4EF1-0991-41FC-91DD-338F0C66F9EF}.Release|x64.Build.0 = Release|Any CPU
		{62DB4EF1-0991-41FC-91DD-338F0C66F9EF}.Release|x64.Deploy.0 = Release|Any CPU
		{62DB4EF1-0991-41FC-91DD-338F0C66F9EF}.Release|x86.ActiveCfg = Release|Any CPU
		{62DB4EF1-0991-41FC-91DD-338F0C66F9EF}.Release|x86.Build.0 = Release|Any CPU
		{62DB4EF1-0991-41FC-91DD-338F0C66F9EF}.Release|x86.Deploy.0 = Release|Any CPU
		{E5815810-B579-4051-8140-6C7301BF9E97}.Ad-Hoc|Any CPU.ActiveCfg = Ad-Hoc|iPhone
		{E5815810-B579-4051-8140-6C7301BF9E97}.Ad-Hoc|ARM.ActiveCfg = Ad-Hoc|iPhone
		{E5815810-B579-4051-8140-6C7301BF9E97}.Ad-Hoc|iPhone.ActiveCfg = Ad-Hoc|iPhone
		{E5815810-B579-4051-8140-6C7301BF9E97}.Ad-Hoc|iPhone.Build.0 = Ad-Hoc|iPhone
		{E5815810-B579-4051-8140-6C7301BF9E97}.Ad-Hoc|iPhoneSimulator.ActiveCfg = Ad-Hoc|iPhoneSimulator
		{E5815810-B579-4051-8140-6C7301BF9E97}.Ad-Hoc|iPhoneSimulator.Build.0 = Ad-Hoc|iPhoneSimulator
		{E5815810-B579-4051-8140-6C7301BF9E97}.Ad-Hoc|x64.ActiveCfg = Ad-Hoc|iPhone
		{E5815810-B579-4051-8140-6C7301BF9E97}.Ad-Hoc|x86.ActiveCfg = Ad-Hoc|iPhone
		{E5815810-B579-4051-8140-6C7301BF9E97}.AppStore|Any CPU.ActiveCfg = AppStore|iPhone
		{E5815810-B579-4051-8140-6C7301BF9E97}.AppStore|ARM.ActiveCfg = AppStore|iPhone
		{E5815810-B579-4051-8140-6C7301BF9E97}.AppStore|iPhone.ActiveCfg = AppStore|iPhone
		{E5815810-B579-4051-8140-6C7301BF9E97}.AppStore|iPhone.Build.0 = AppStore|iPhone
		{E5815810-B579-4051-8140-6C7301BF9E97}.AppStore|iPhoneSimulator.ActiveCfg = AppStore|iPhoneSimulator
		{E5815810-B579-4051-8140-6C7301BF9E97}.AppStore|iPhoneSimulator.Build.0 = AppStore|iPhoneSimulator
		{E5815810-B579-4051-8140-6C7301BF9E97}.AppStore|x64.ActiveCfg = AppStore|iPhone
		{E5815810-B579-4051-8140-6C7301BF9E97}.AppStore|x86.ActiveCfg = AppStore|iPhone
		{E5815810-B579-4051-8140-6C7301BF9E97}.Debug|Any CPU.ActiveCfg = Debug|iPhone
		{E5815810-B579-4051-8140-6C7301BF9E97}.Debug|ARM.ActiveCfg = Debug|iPhone
		{E5815810-B579-4051-8140-6C7301BF9E97}.Debug|iPhone.ActiveCfg = Debug|iPhone
		{E5815810-B579-4051-8140-6C7301BF9E97}.Debug|iPhone.Build.0 = Debug|iPhone
		{E5815810-B579-4051-8140-6C7301BF9E97}.Debug|iPhoneSimulator.ActiveCfg = Debug|iPhoneSimulator
		{E5815810-B579-4051-8140-6C7301BF9E97}.Debug|iPhoneSimulator.Build.0 = Debug|iPhoneSimulator
		{E5815810-B579-4051-8140-6C7301BF9E97}.Debug|x64.ActiveCfg = Debug|iPhone
		{E5815810-B579-4051-8140-6C7301BF9E97}.Debug|x86.ActiveCfg = Debug|iPhone
		{E5815810-B579-4051-8140-6C7301BF9E97}.Release|Any CPU.ActiveCfg = Release|iPhone
		{E5815810-B579-4051-8140-6C7301BF9E97}.Release|ARM.ActiveCfg = Release|iPhone
		{E5815810-B579-4051-8140-6C7301BF9E97}.Release|iPhone.ActiveCfg = Release|iPhone
		{E5815810-B579-4051-8140-6C7301BF9E97}.Release|iPhone.Build.0 = Release|iPhone
		{E5815810-B579-4051-8140-6C7301BF9E97}.Release|iPhoneSimulator.ActiveCfg = Release|iPhoneSimulator
		{E5815810-B579-4051-8140-6C7301BF9E97}.Release|iPhoneSimulator.Build.0 = Release|iPhoneSimulator
		{E5815810-B579-4051-8140-6C7301BF9E97}.Release|x64.ActiveCfg = Release|iPhone
		{E5815810-B579-4051-8140-6C7301BF9E97}.Release|x86.ActiveCfg = Release|iPhone
		{71FFECC4-89C5-44DF-A5B6-D42FD4B9FAB9}.Ad-Hoc|Any CPU.ActiveCfg = Release|x86
		{71FFECC4-89C5-44DF-A5B6-D42FD4B9FAB9}.Ad-Hoc|Any CPU.Build.0 = Release|x86
		{71FFECC4-89C5-44DF-A5B6-D42FD4B9FAB9}.Ad-Hoc|Any CPU.Deploy.0 = Release|x86
		{71FFECC4-89C5-44DF-A5B6-D42FD4B9FAB9}.Ad-Hoc|ARM.ActiveCfg = Release|ARM
		{71FFECC4-89C5-44DF-A5B6-D42FD4B9FAB9}.Ad-Hoc|ARM.Build.0 = Release|ARM
		{71FFECC4-89C5-44DF-A5B6-D42FD4B9FAB9}.Ad-Hoc|ARM.Deploy.0 = Release|ARM
		{71FFECC4-89C5-44DF-A5B6-D42FD4B9FAB9}.Ad-Hoc|iPhone.ActiveCfg = Release|x86
		{71FFECC4-89C5-44DF-A5B6-D42FD4B9FAB9}.Ad-Hoc|iPhone.Build.0 = Release|x86
		{71FFECC4-89C5-44DF-A5B6-D42FD4B9FAB9}.Ad-Hoc|iPhone.Deploy.0 = Release|x86
		{71FFECC4-89C5-44DF-A5B6-D42FD4B9FAB9}.Ad-Hoc|iPhoneSimulator.ActiveCfg = Release|x86
		{71FFECC4-89C5-44DF-A5B6-D42FD4B9FAB9}.Ad-Hoc|iPhoneSimulator.Build.0 = Release|x86
		{71FFECC4-89C5-44DF-A5B6-D42FD4B9FAB9}.Ad-Hoc|iPhoneSimulator.Deploy.0 = Release|x86
		{71FFECC4-89C5-44DF-A5B6-D42FD4B9FAB9}.Ad-Hoc|x64.ActiveCfg = Release|x64
		{71FFECC4-89C5-44DF-A5B6-D42FD4B9FAB9}.Ad-Hoc|x64.Build.0 = Release|x64
		{71FFECC4-89C5-44DF-A5B6-D42FD4B9FAB9}.Ad-Hoc|x64.Deploy.0 = Release|x64
		{71FFECC4-89C5-44DF-A5B6-D42FD4B9FAB9}.Ad-Hoc|x86.ActiveCfg = Release|x86
		{71FFECC4-89C5-44DF-A5B6-D42FD4B9FAB9}.Ad-Hoc|x86.Build.0 = Release|x86
		{71FFECC4-89C5-44DF-A5B6-D42FD4B9FAB9}.Ad-Hoc|x86.Deploy.0 = Release|x86
		{71FFECC4-89C5-44DF-A5B6-D42FD4B9FAB9}.AppStore|Any CPU.ActiveCfg = Release|x86
		{71FFECC4-89C5-44DF-A5B6-D42FD4B9FAB9}.AppStore|Any CPU.Build.0 = Release|x86
		{71FFECC4-89C5-44DF-A5B6-D42FD4B9FAB9}.AppStore|Any CPU.Deploy.0 = Release|x86
		{71FFECC4-89C5-44DF-A5B6-D42FD4B9FAB9}.AppStore|ARM.ActiveCfg = Release|ARM
		{71FFECC4-89C5-44DF-A5B6-D42FD4B9FAB9}.AppStore|ARM.Build.0 = Release|ARM
		{71FFECC4-89C5-44DF-A5B6-D42FD4B9FAB9}.AppStore|ARM.Deploy.0 = Release|ARM
		{71FFECC4-89C5-44DF-A5B6-D42FD4B9FAB9}.AppStore|iPhone.ActiveCfg = Release|x86
		{71FFECC4-89C5-44DF-A5B6-D42FD4B9FAB9}.AppStore|iPhone.Build.0 = Release|x86
		{71FFECC4-89C5-44DF-A5B6-D42FD4B9FAB9}.AppStore|iPhone.Deploy.0 = Release|x86
		{71FFECC4-89C5-44DF-A5B6-D42FD4B9FAB9}.AppStore|iPhoneSimulator.ActiveCfg = Release|x86
		{71FFECC4-89C5-44DF-A5B6-D42FD4B9FAB9}.AppStore|iPhoneSimulator.Build.0 = Release|x86
		{71FFECC4-89C5-44DF-A5B6-D42FD4B9FAB9}.AppStore|iPhoneSimulator.Deploy.0 = Release|x86
		{71FFECC4-89C5-44DF-A5B6-D42FD4B9FAB9}.AppStore|x64.ActiveCfg = Release|x64
		{71FFECC4-89C5-44DF-A5B6-D42FD4B9FAB9}.AppStore|x64.Build.0 = Release|x64
		{71FFECC4-89C5-44DF-A5B6-D42FD4B9FAB9}.AppStore|x64.Deploy.0 = Release|x64
		{71FFECC4-89C5-44DF-A5B6-D42FD4B9FAB9}.AppStore|x86.ActiveCfg = Release|x86
		{71FFECC4-89C5-44DF-A5B6-D42FD4B9FAB9}.AppStore|x86.Build.0 = Release|x86
		{71FFECC4-89C5-44DF-A5B6-D42FD4B9FAB9}.AppStore|x86.Deploy.0 = Release|x86
		{71FFECC4-89C5-44DF-A5B6-D42FD4B9FAB9}.Debug|Any CPU.ActiveCfg = Debug|x86
		{71FFECC4-89C5-44DF-A5B6-D42FD4B9FAB9}.Debug|ARM.ActiveCfg = Debug|ARM
		{71FFECC4-89C5-44DF-A5B6-D42FD4B9FAB9}.Debug|ARM.Build.0 = Debug|ARM
		{71FFECC4-89C5-44DF-A5B6-D42FD4B9FAB9}.Debug|ARM.Deploy.0 = Debug|ARM
		{71FFECC4-89C5-44DF-A5B6-D42FD4B9FAB9}.Debug|iPhone.ActiveCfg = Debug|x86
		{71FFECC4-89C5-44DF-A5B6-D42FD4B9FAB9}.Debug|iPhoneSimulator.ActiveCfg = Debug|x86
		{71FFECC4-89C5-44DF-A5B6-D42FD4B9FAB9}.Debug|x64.ActiveCfg = Debug|x64
		{71FFECC4-89C5-44DF-A5B6-D42FD4B9FAB9}.Debug|x64.Build.0 = Debug|x64
		{71FFECC4-89C5-44DF-A5B6-D42FD4B9FAB9}.Debug|x64.Deploy.0 = Debug|x64
		{71FFECC4-89C5-44DF-A5B6-D42FD4B9FAB9}.Debug|x86.ActiveCfg = Debug|x86
		{71FFECC4-89C5-44DF-A5B6-D42FD4B9FAB9}.Debug|x86.Build.0 = Debug|x86
		{71FFECC4-89C5-44DF-A5B6-D42FD4B9FAB9}.Debug|x86.Deploy.0 = Debug|x86
		{71FFECC4-89C5-44DF-A5B6-D42FD4B9FAB9}.Release|Any CPU.ActiveCfg = Release|x86
		{71FFECC4-89C5-44DF-A5B6-D42FD4B9FAB9}.Release|ARM.ActiveCfg = Release|ARM
		{71FFECC4-89C5-44DF-A5B6-D42FD4B9FAB9}.Release|ARM.Build.0 = Release|ARM
		{71FFECC4-89C5-44DF-A5B6-D42FD4B9FAB9}.Release|ARM.Deploy.0 = Release|ARM
		{71FFECC4-89C5-44DF-A5B6-D42FD4B9FAB9}.Release|iPhone.ActiveCfg = Release|x86
		{71FFECC4-89C5-44DF-A5B6-D42FD4B9FAB9}.Release|iPhoneSimulator.ActiveCfg = Release|x86
		{71FFECC4-89C5-44DF-A5B6-D42FD4B9FAB9}.Release|x64.ActiveCfg = Release|x64
		{71FFECC4-89C5-44DF-A5B6-D42FD4B9FAB9}.Release|x64.Build.0 = Release|x64
		{71FFECC4-89C5-44DF-A5B6-D42FD4B9FAB9}.Release|x64.Deploy.0 = Release|x64
		{71FFECC4-89C5-44DF-A5B6-D42FD4B9FAB9}.Release|x86.ActiveCfg = Release|x86
		{71FFECC4-89C5-44DF-A5B6-D42FD4B9FAB9}.Release|x86.Build.0 = Release|x86
		{71FFECC4-89C5-44DF-A5B6-D42FD4B9FAB9}.Release|x86.Deploy.0 = Release|x86
	EndGlobalSection
	GlobalSection(SolutionProperties) = preSolution
		HideSolutionNode = FALSE
	EndGlobalSection
	GlobalSection(ExtensibilityGlobals) = postSolution
		SolutionGuid = {8F6E0438-5250-486D-A39E-1E75CEB387EE}
	EndGlobalSection
EndGlobal
